{
  "object": {
    "pins": [
      {
        "package": "Chronicle",
        "repositoryURL": "https://github.com/0xLeif/Chronicle",
        "state": {
          "branch": null,
          "revision": "5d5e80f63943969eb2c33d686958b3938536a455",
          "version": "0.2.3"
        }
      },
      {
        "package": "SURL",
        "repositoryURL": "https://github.com/0xLet/SURL",
        "state": {
          "branch": null,
          "revision": "c04f941eea250f78f5c7151c03cd2489ca9ffc2b",
          "version": "0.1.1"
        }
      },
      {
        "package": "SwiftFu",
        "repositoryURL": "https://github.com/0xLet/SwiftFu",
        "state": {
          "branch": null,
          "revision": "818f889edc5a0c1657b50f3a1e841aa508177323",
          "version": "1.0.1"
        }
      },
      {
        "package": "Task",
        "repositoryURL": "https://github.com/0xLeif/Task",
        "state": {
          "branch": null,
          "revision": "cfe31fd675b88c36194a34e8ccb8e8f8068d41c8",
          "version": "1.0.0"
        }
      },
      {
        "package": "WTV",
        "repositoryURL": "https://github.com/0xLet/WTV",
        "state": {
          "branch": null,
          "revision": "8eefc65bf823eb7612047dbd2df4c6c73864c500",
          "version": "0.1.1"
        }
      },
      {
        "package": "Yarn",
        "repositoryURL": "https://github.com/0xLeif/Yarn",
        "state": {
          "branch": null,
          "revision": "3c50cc133bc71879aaf3bbb15fa271e9506489f8",
          "version": "1.0.0"
        }
      }
    ]
  },
  "version": 1
}
